
Microsoft Visual Studio Solution File, Format Version 12.00
# Visual Studio 15
VisualStudioVersion = 15.0.26124.0
MinimumVisualStudioVersion = 15.0.26124.0
Project("{2150E333-8FDC-42A3-9474-1A3956D46DE8}") = "Code", "Code", "{7A9EF2CB-6F77-46FC-B5F4-6EAA4D9B6B4A}"
EndProject
Project("{FAE04EC0-301F-11D3-BF4B-00C04F79EFBC}") = "threedot.Api", "Code\threedot.Api\threedot.Api.csproj", "{20CE4463-D10E-4AEA-98FA-2FC129BC078C}"
EndProject
Project("{FAE04EC0-301F-11D3-BF4B-00C04F79EFBC}") = "threedot.Business", "Code\threedot.Business\threedot.Business.csproj", "{1F22E25F-9926-42E7-94F1-6D82386DF839}"
EndProject
Project("{FAE04EC0-301F-11D3-BF4B-00C04F79EFBC}") = "threedot.Data", "Code\threedot.Data\threedot.Data.csproj", "{EDD681DA-E190-4DEA-8B4D-8A6CDC702DF2}"
EndProject
Project("{FAE04EC0-301F-11D3-BF4B-00C04F79EFBC}") = "threedot.Entities", "Code\threedot.Entities\threedot.Entities.csproj", "{5D95D1EA-F277-4F3F-82E8-98701D6BFC24}"
EndProject
Project("{FAE04EC0-301F-11D3-BF4B-00C04F79EFBC}") = "threedot.Test.Api", "Code\threedot.Test.Api\threedot.Test.Api.csproj", "{88CD8E7E-1518-4EDA-A42B-37A619B6CDDD}"
EndProject
Project("{FAE04EC0-301F-11D3-BF4B-00C04F79EFBC}") = "threedot.Test.Business", "Code\threedot.Test.Business\threedot.Test.Business.csproj", "{1FF90A81-C6A8-4CDE-B6A6-3B003FCBB62F}"
EndProject
Project("{FAE04EC0-301F-11D3-BF4B-00C04F79EFBC}") = "threedot.Test.Framework", "Code\threedot.Test.Framework\threedot.Test.Framework.csproj", "{439E0995-0A14-49CA-B29A-ED8F0C629CD9}"
EndProject
Project("{2150E333-8FDC-42A3-9474-1A3956D46DE8}") = "Test", "Test", "{681CA677-42DB-42CA-8221-E9BB643D0DF1}"
EndProject
Global
	GlobalSection(SolutionConfigurationPlatforms) = preSolution
		Debug|Any CPU = Debug|Any CPU
		Debug|x64 = Debug|x64
		Debug|x86 = Debug|x86
		Release|Any CPU = Release|Any CPU
		Release|x64 = Release|x64
		Release|x86 = Release|x86
	EndGlobalSection
	GlobalSection(SolutionProperties) = preSolution
		HideSolutionNode = FALSE
	EndGlobalSection
	GlobalSection(ProjectConfigurationPlatforms) = postSolution
		{20CE4463-D10E-4AEA-98FA-2FC129BC078C}.Debug|Any CPU.ActiveCfg = Debug|Any CPU
		{20CE4463-D10E-4AEA-98FA-2FC129BC078C}.Debug|Any CPU.Build.0 = Debug|Any CPU
		{20CE4463-D10E-4AEA-98FA-2FC129BC078C}.Debug|x64.ActiveCfg = Debug|Any CPU
		{20CE4463-D10E-4AEA-98FA-2FC129BC078C}.Debug|x64.Build.0 = Debug|Any CPU
		{20CE4463-D10E-4AEA-98FA-2FC129BC078C}.Debug|x86.ActiveCfg = Debug|Any CPU
		{20CE4463-D10E-4AEA-98FA-2FC129BC078C}.Debug|x86.Build.0 = Debug|Any CPU
		{20CE4463-D10E-4AEA-98FA-2FC129BC078C}.Release|Any CPU.ActiveCfg = Release|Any CPU
		{20CE4463-D10E-4AEA-98FA-2FC129BC078C}.Release|Any CPU.Build.0 = Release|Any CPU
		{20CE4463-D10E-4AEA-98FA-2FC129BC078C}.Release|x64.ActiveCfg = Release|Any CPU
		{20CE4463-D10E-4AEA-98FA-2FC129BC078C}.Release|x64.Build.0 = Release|Any CPU
		{20CE4463-D10E-4AEA-98FA-2FC129BC078C}.Release|x86.ActiveCfg = Release|Any CPU
		{20CE4463-D10E-4AEA-98FA-2FC129BC078C}.Release|x86.Build.0 = Release|Any CPU
		{1F22E25F-9926-42E7-94F1-6D82386DF839}.Debug|Any CPU.ActiveCfg = Debug|Any CPU
		{1F22E25F-9926-42E7-94F1-6D82386DF839}.Debug|Any CPU.Build.0 = Debug|Any CPU
		{1F22E25F-9926-42E7-94F1-6D82386DF839}.Debug|x64.ActiveCfg = Debug|Any CPU
		{1F22E25F-9926-42E7-94F1-6D82386DF839}.Debug|x64.Build.0 = Debug|Any CPU
		{1F22E25F-9926-42E7-94F1-6D82386DF839}.Debug|x86.ActiveCfg = Debug|Any CPU
		{1F22E25F-9926-42E7-94F1-6D82386DF839}.Debug|x86.Build.0 = Debug|Any CPU
		{1F22E25F-9926-42E7-94F1-6D82386DF839}.Release|Any CPU.ActiveCfg = Release|Any CPU
		{1F22E25F-9926-42E7-94F1-6D82386DF839}.Release|Any CPU.Build.0 = Release|Any CPU
		{1F22E25F-9926-42E7-94F1-6D82386DF839}.Release|x64.ActiveCfg = Release|Any CPU
		{1F22E25F-9926-42E7-94F1-6D82386DF839}.Release|x64.Build.0 = Release|Any CPU
		{1F22E25F-9926-42E7-94F1-6D82386DF839}.Release|x86.ActiveCfg = Release|Any CPU
		{1F22E25F-9926-42E7-94F1-6D82386DF839}.Release|x86.Build.0 = Release|Any CPU
		{EDD681DA-E190-4DEA-8B4D-8A6CDC702DF2}.Debug|Any CPU.ActiveCfg = Debug|Any CPU
		{EDD681DA-E190-4DEA-8B4D-8A6CDC702DF2}.Debug|Any CPU.Build.0 = Debug|Any CPU
		{EDD681DA-E190-4DEA-8B4D-8A6CDC702DF2}.Debug|x64.ActiveCfg = Debug|Any CPU
		{EDD681DA-E190-4DEA-8B4D-8A6CDC702DF2}.Debug|x64.Build.0 = Debug|Any CPU
		{EDD681DA-E190-4DEA-8B4D-8A6CDC702DF2}.Debug|x86.ActiveCfg = Debug|Any CPU
		{EDD681DA-E190-4DEA-8B4D-8A6CDC702DF2}.Debug|x86.Build.0 = Debug|Any CPU
		{EDD681DA-E190-4DEA-8B4D-8A6CDC702DF2}.Release|Any CPU.ActiveCfg = Release|Any CPU
		{EDD681DA-E190-4DEA-8B4D-8A6CDC702DF2}.Release|Any CPU.Build.0 = Release|Any CPU
		{EDD681DA-E190-4DEA-8B4D-8A6CDC702DF2}.Release|x64.ActiveCfg = Release|Any CPU
		{EDD681DA-E190-4DEA-8B4D-8A6CDC702DF2}.Release|x64.Build.0 = Release|Any CPU
		{EDD681DA-E190-4DEA-8B4D-8A6CDC702DF2}.Release|x86.ActiveCfg = Release|Any CPU
		{EDD681DA-E190-4DEA-8B4D-8A6CDC702DF2}.Release|x86.Build.0 = Release|Any CPU
		{5D95D1EA-F277-4F3F-82E8-98701D6BFC24}.Debug|Any CPU.ActiveCfg = Debug|Any CPU
		{5D95D1EA-F277-4F3F-82E8-98701D6BFC24}.Debug|Any CPU.Build.0 = Debug|Any CPU
		{5D95D1EA-F277-4F3F-82E8-98701D6BFC24}.Debug|x64.ActiveCfg = Debug|Any CPU
		{5D95D1EA-F277-4F3F-82E8-98701D6BFC24}.Debug|x64.Build.0 = Debug|Any CPU
		{5D95D1EA-F277-4F3F-82E8-98701D6BFC24}.Debug|x86.ActiveCfg = Debug|Any CPU
		{5D95D1EA-F277-4F3F-82E8-98701D6BFC24}.Debug|x86.Build.0 = Debug|Any CPU
		{5D95D1EA-F277-4F3F-82E8-98701D6BFC24}.Release|Any CPU.ActiveCfg = Release|Any CPU
		{5D95D1EA-F277-4F3F-82E8-98701D6BFC24}.Release|Any CPU.Build.0 = Release|Any CPU
		{5D95D1EA-F277-4F3F-82E8-98701D6BFC24}.Release|x64.ActiveCfg = Release|Any CPU
		{5D95D1EA-F277-4F3F-82E8-98701D6BFC24}.Release|x64.Build.0 = Release|Any CPU
		{5D95D1EA-F277-4F3F-82E8-98701D6BFC24}.Release|x86.ActiveCfg = Release|Any CPU
		{5D95D1EA-F277-4F3F-82E8-98701D6BFC24}.Release|x86.Build.0 = Release|Any CPU
		{88CD8E7E-1518-4EDA-A42B-37A619B6CDDD}.Debug|Any CPU.ActiveCfg = Debug|Any CPU
		{88CD8E7E-1518-4EDA-A42B-37A619B6CDDD}.Debug|Any CPU.Build.0 = Debug|Any CPU
		{88CD8E7E-1518-4EDA-A42B-37A619B6CDDD}.Debug|x64.ActiveCfg = Debug|Any CPU
		{88CD8E7E-1518-4EDA-A42B-37A619B6CDDD}.Debug|x64.Build.0 = Debug|Any CPU
		{88CD8E7E-1518-4EDA-A42B-37A619B6CDDD}.Debug|x86.ActiveCfg = Debug|Any CPU
		{88CD8E7E-1518-4EDA-A42B-37A619B6CDDD}.Debug|x86.Build.0 = Debug|Any CPU
		{88CD8E7E-1518-4EDA-A42B-37A619B6CDDD}.Release|Any CPU.ActiveCfg = Release|Any CPU
		{88CD8E7E-1518-4EDA-A42B-37A619B6CDDD}.Release|Any CPU.Build.0 = Release|Any CPU
		{88CD8E7E-1518-4EDA-A42B-37A619B6CDDD}.Release|x64.ActiveCfg = Release|Any CPU
		{88CD8E7E-1518-4EDA-A42B-37A619B6CDDD}.Release|x64.Build.0 = Release|Any CPU
		{88CD8E7E-1518-4EDA-A42B-37A619B6CDDD}.Release|x86.ActiveCfg = Release|Any CPU
		{88CD8E7E-1518-4EDA-A42B-37A619B6CDDD}.Release|x86.Build.0 = Release|Any CPU
		{1FF90A81-C6A8-4CDE-B6A6-3B003FCBB62F}.Debug|Any CPU.ActiveCfg = Debug|Any CPU
		{1FF90A81-C6A8-4CDE-B6A6-3B003FCBB62F}.Debug|Any CPU.Build.0 = Debug|Any CPU
		{1FF90A81-C6A8-4CDE-B6A6-3B003FCBB62F}.Debug|x64.ActiveCfg = Debug|Any CPU
		{1FF90A81-C6A8-4CDE-B6A6-3B003FCBB62F}.Debug|x64.Build.0 = Debug|Any CPU
		{1FF90A81-C6A8-4CDE-B6A6-3B003FCBB62F}.Debug|x86.ActiveCfg = Debug|Any CPU
		{1FF90A81-C6A8-4CDE-B6A6-3B003FCBB62F}.Debug|x86.Build.0 = Debug|Any CPU
		{1FF90A81-C6A8-4CDE-B6A6-3B003FCBB62F}.Release|Any CPU.ActiveCfg = Release|Any CPU
		{1FF90A81-C6A8-4CDE-B6A6-3B003FCBB62F}.Release|Any CPU.Build.0 = Release|Any CPU
		{1FF90A81-C6A8-4CDE-B6A6-3B003FCBB62F}.Release|x64.ActiveCfg = Release|Any CPU
		{1FF90A81-C6A8-4CDE-B6A6-3B003FCBB62F}.Release|x64.Build.0 = Release|Any CPU
		{1FF90A81-C6A8-4CDE-B6A6-3B003FCBB62F}.Release|x86.ActiveCfg = Release|Any CPU
		{1FF90A81-C6A8-4CDE-B6A6-3B003FCBB62F}.Release|x86.Build.0 = Release|Any CPU
		{439E0995-0A14-49CA-B29A-ED8F0C629CD9}.Debug|Any CPU.ActiveCfg = Debug|Any CPU
		{439E0995-0A14-49CA-B29A-ED8F0C629CD9}.Debug|Any CPU.Build.0 = Debug|Any CPU
		{439E0995-0A14-49CA-B29A-ED8F0C629CD9}.Debug|x64.ActiveCfg = Debug|Any CPU
		{439E0995-0A14-49CA-B29A-ED8F0C629CD9}.Debug|x64.Build.0 = Debug|Any CPU
		{439E0995-0A14-49CA-B29A-ED8F0C629CD9}.Debug|x86.ActiveCfg = Debug|Any CPU
		{439E0995-0A14-49CA-B29A-ED8F0C629CD9}.Debug|x86.Build.0 = Debug|Any CPU
		{439E0995-0A14-49CA-B29A-ED8F0C629CD9}.Release|Any CPU.ActiveCfg = Release|Any CPU
		{439E0995-0A14-49CA-B29A-ED8F0C629CD9}.Release|Any CPU.Build.0 = Release|Any CPU
		{439E0995-0A14-49CA-B29A-ED8F0C629CD9}.Release|x64.ActiveCfg = Release|Any CPU
		{439E0995-0A14-49CA-B29A-ED8F0C629CD9}.Release|x64.Build.0 = Release|Any CPU
		{439E0995-0A14-49CA-B29A-ED8F0C629CD9}.Release|x86.ActiveCfg = Release|Any CPU
		{439E0995-0A14-49CA-B29A-ED8F0C629CD9}.Release|x86.Build.0 = Release|Any CPU
	EndGlobalSection
	GlobalSection(NestedProjects) = preSolution
		{20CE4463-D10E-4AEA-98FA-2FC129BC078C} = {7A9EF2CB-6F77-46FC-B5F4-6EAA4D9B6B4A}
		{1F22E25F-9926-42E7-94F1-6D82386DF839} = {7A9EF2CB-6F77-46FC-B5F4-6EAA4D9B6B4A}
		{EDD681DA-E190-4DEA-8B4D-8A6CDC702DF2} = {7A9EF2CB-6F77-46FC-B5F4-6EAA4D9B6B4A}
		{5D95D1EA-F277-4F3F-82E8-98701D6BFC24} = {7A9EF2CB-6F77-46FC-B5F4-6EAA4D9B6B4A}
		{88CD8E7E-1518-4EDA-A42B-37A619B6CDDD} = {681CA677-42DB-42CA-8221-E9BB643D0DF1}
		{1FF90A81-C6A8-4CDE-B6A6-3B003FCBB62F} = {681CA677-42DB-42CA-8221-E9BB643D0DF1}
		{439E0995-0A14-49CA-B29A-ED8F0C629CD9} = {681CA677-42DB-42CA-8221-E9BB643D0DF1}
	EndGlobalSection
EndGlobal
