
Microsoft Visual Studio Solution File, Format Version 12.00
# Visual Studio 15
VisualStudioVersion = 15.0.26124.0
MinimumVisualStudioVersion = 15.0.26124.0
Project("{2150E333-8FDC-42A3-9474-1A3956D46DE8}") = "Code", "Code", "{BAF2E523-EB4D-44A1-9087-002931EEAF09}"
EndProject
Project("{FAE04EC0-301F-11D3-BF4B-00C04F79EFBC}") = "onedot.Api", "Code\onedot.Api\onedot.Api.csproj", "{9DE2E959-8FDB-4FEE-A7F2-40FCA6CB06F7}"
EndProject
Project("{FAE04EC0-301F-11D3-BF4B-00C04F79EFBC}") = "onedot.Business", "Code\onedot.Business\onedot.Business.csproj", "{AB87D393-94AC-4062-9E01-A0B78B6A9496}"
EndProject
Project("{FAE04EC0-301F-11D3-BF4B-00C04F79EFBC}") = "onedot.Data", "Code\onedot.Data\onedot.Data.csproj", "{DC3F8D4B-76B6-4F69-A80D-7F10104F903F}"
EndProject
Project("{FAE04EC0-301F-11D3-BF4B-00C04F79EFBC}") = "onedot.Entities", "Code\onedot.Entities\onedot.Entities.csproj", "{A1B1335C-B495-4E76-9E0F-DFFD27E022BE}"
EndProject
Project("{FAE04EC0-301F-11D3-BF4B-00C04F79EFBC}") = "onedot.Test.Api", "Code\onedot.Test.Api\onedot.Test.Api.csproj", "{84A909E0-4BFC-4B16-AF86-895EE77F7E94}"
EndProject
Project("{FAE04EC0-301F-11D3-BF4B-00C04F79EFBC}") = "onedot.Test.Business", "Code\onedot.Test.Business\onedot.Test.Business.csproj", "{A03FCAC1-A577-4787-999C-E582746F7CCE}"
EndProject
Project("{FAE04EC0-301F-11D3-BF4B-00C04F79EFBC}") = "onedot.Test.Framework", "Code\onedot.Test.Framework\onedot.Test.Framework.csproj", "{A8D5A85F-D78B-4181-8E6C-ED1B40E85EEC}"
EndProject
Project("{2150E333-8FDC-42A3-9474-1A3956D46DE8}") = "Test", "Test", "{EA0EA9E9-A334-41D7-A0BF-2A1B431B4ED8}"
EndProject
Global
	GlobalSection(SolutionConfigurationPlatforms) = preSolution
		Debug|Any CPU = Debug|Any CPU
		Debug|x64 = Debug|x64
		Debug|x86 = Debug|x86
		Release|Any CPU = Release|Any CPU
		Release|x64 = Release|x64
		Release|x86 = Release|x86
	EndGlobalSection
	GlobalSection(SolutionProperties) = preSolution
		HideSolutionNode = FALSE
	EndGlobalSection
	GlobalSection(ProjectConfigurationPlatforms) = postSolution
		{9DE2E959-8FDB-4FEE-A7F2-40FCA6CB06F7}.Debug|Any CPU.ActiveCfg = Debug|Any CPU
		{9DE2E959-8FDB-4FEE-A7F2-40FCA6CB06F7}.Debug|Any CPU.Build.0 = Debug|Any CPU
		{9DE2E959-8FDB-4FEE-A7F2-40FCA6CB06F7}.Debug|x64.ActiveCfg = Debug|Any CPU
		{9DE2E959-8FDB-4FEE-A7F2-40FCA6CB06F7}.Debug|x64.Build.0 = Debug|Any CPU
		{9DE2E959-8FDB-4FEE-A7F2-40FCA6CB06F7}.Debug|x86.ActiveCfg = Debug|Any CPU
		{9DE2E959-8FDB-4FEE-A7F2-40FCA6CB06F7}.Debug|x86.Build.0 = Debug|Any CPU
		{9DE2E959-8FDB-4FEE-A7F2-40FCA6CB06F7}.Release|Any CPU.ActiveCfg = Release|Any CPU
		{9DE2E959-8FDB-4FEE-A7F2-40FCA6CB06F7}.Release|Any CPU.Build.0 = Release|Any CPU
		{9DE2E959-8FDB-4FEE-A7F2-40FCA6CB06F7}.Release|x64.ActiveCfg = Release|Any CPU
		{9DE2E959-8FDB-4FEE-A7F2-40FCA6CB06F7}.Release|x64.Build.0 = Release|Any CPU
		{9DE2E959-8FDB-4FEE-A7F2-40FCA6CB06F7}.Release|x86.ActiveCfg = Release|Any CPU
		{9DE2E959-8FDB-4FEE-A7F2-40FCA6CB06F7}.Release|x86.Build.0 = Release|Any CPU
		{AB87D393-94AC-4062-9E01-A0B78B6A9496}.Debug|Any CPU.ActiveCfg = Debug|Any CPU
		{AB87D393-94AC-4062-9E01-A0B78B6A9496}.Debug|Any CPU.Build.0 = Debug|Any CPU
		{AB87D393-94AC-4062-9E01-A0B78B6A9496}.Debug|x64.ActiveCfg = Debug|Any CPU
		{AB87D393-94AC-4062-9E01-A0B78B6A9496}.Debug|x64.Build.0 = Debug|Any CPU
		{AB87D393-94AC-4062-9E01-A0B78B6A9496}.Debug|x86.ActiveCfg = Debug|Any CPU
		{AB87D393-94AC-4062-9E01-A0B78B6A9496}.Debug|x86.Build.0 = Debug|Any CPU
		{AB87D393-94AC-4062-9E01-A0B78B6A9496}.Release|Any CPU.ActiveCfg = Release|Any CPU
		{AB87D393-94AC-4062-9E01-A0B78B6A9496}.Release|Any CPU.Build.0 = Release|Any CPU
		{AB87D393-94AC-4062-9E01-A0B78B6A9496}.Release|x64.ActiveCfg = Release|Any CPU
		{AB87D393-94AC-4062-9E01-A0B78B6A9496}.Release|x64.Build.0 = Release|Any CPU
		{AB87D393-94AC-4062-9E01-A0B78B6A9496}.Release|x86.ActiveCfg = Release|Any CPU
		{AB87D393-94AC-4062-9E01-A0B78B6A9496}.Release|x86.Build.0 = Release|Any CPU
		{DC3F8D4B-76B6-4F69-A80D-7F10104F903F}.Debug|Any CPU.ActiveCfg = Debug|Any CPU
		{DC3F8D4B-76B6-4F69-A80D-7F10104F903F}.Debug|Any CPU.Build.0 = Debug|Any CPU
		{DC3F8D4B-76B6-4F69-A80D-7F10104F903F}.Debug|x64.ActiveCfg = Debug|Any CPU
		{DC3F8D4B-76B6-4F69-A80D-7F10104F903F}.Debug|x64.Build.0 = Debug|Any CPU
		{DC3F8D4B-76B6-4F69-A80D-7F10104F903F}.Debug|x86.ActiveCfg = Debug|Any CPU
		{DC3F8D4B-76B6-4F69-A80D-7F10104F903F}.Debug|x86.Build.0 = Debug|Any CPU
		{DC3F8D4B-76B6-4F69-A80D-7F10104F903F}.Release|Any CPU.ActiveCfg = Release|Any CPU
		{DC3F8D4B-76B6-4F69-A80D-7F10104F903F}.Release|Any CPU.Build.0 = Release|Any CPU
		{DC3F8D4B-76B6-4F69-A80D-7F10104F903F}.Release|x64.ActiveCfg = Release|Any CPU
		{DC3F8D4B-76B6-4F69-A80D-7F10104F903F}.Release|x64.Build.0 = Release|Any CPU
		{DC3F8D4B-76B6-4F69-A80D-7F10104F903F}.Release|x86.ActiveCfg = Release|Any CPU
		{DC3F8D4B-76B6-4F69-A80D-7F10104F903F}.Release|x86.Build.0 = Release|Any CPU
		{A1B1335C-B495-4E76-9E0F-DFFD27E022BE}.Debug|Any CPU.ActiveCfg = Debug|Any CPU
		{A1B1335C-B495-4E76-9E0F-DFFD27E022BE}.Debug|Any CPU.Build.0 = Debug|Any CPU
		{A1B1335C-B495-4E76-9E0F-DFFD27E022BE}.Debug|x64.ActiveCfg = Debug|Any CPU
		{A1B1335C-B495-4E76-9E0F-DFFD27E022BE}.Debug|x64.Build.0 = Debug|Any CPU
		{A1B1335C-B495-4E76-9E0F-DFFD27E022BE}.Debug|x86.ActiveCfg = Debug|Any CPU
		{A1B1335C-B495-4E76-9E0F-DFFD27E022BE}.Debug|x86.Build.0 = Debug|Any CPU
		{A1B1335C-B495-4E76-9E0F-DFFD27E022BE}.Release|Any CPU.ActiveCfg = Release|Any CPU
		{A1B1335C-B495-4E76-9E0F-DFFD27E022BE}.Release|Any CPU.Build.0 = Release|Any CPU
		{A1B1335C-B495-4E76-9E0F-DFFD27E022BE}.Release|x64.ActiveCfg = Release|Any CPU
		{A1B1335C-B495-4E76-9E0F-DFFD27E022BE}.Release|x64.Build.0 = Release|Any CPU
		{A1B1335C-B495-4E76-9E0F-DFFD27E022BE}.Release|x86.ActiveCfg = Release|Any CPU
		{A1B1335C-B495-4E76-9E0F-DFFD27E022BE}.Release|x86.Build.0 = Release|Any CPU
		{84A909E0-4BFC-4B16-AF86-895EE77F7E94}.Debug|Any CPU.ActiveCfg = Debug|Any CPU
		{84A909E0-4BFC-4B16-AF86-895EE77F7E94}.Debug|Any CPU.Build.0 = Debug|Any CPU
		{84A909E0-4BFC-4B16-AF86-895EE77F7E94}.Debug|x64.ActiveCfg = Debug|Any CPU
		{84A909E0-4BFC-4B16-AF86-895EE77F7E94}.Debug|x64.Build.0 = Debug|Any CPU
		{84A909E0-4BFC-4B16-AF86-895EE77F7E94}.Debug|x86.ActiveCfg = Debug|Any CPU
		{84A909E0-4BFC-4B16-AF86-895EE77F7E94}.Debug|x86.Build.0 = Debug|Any CPU
		{84A909E0-4BFC-4B16-AF86-895EE77F7E94}.Release|Any CPU.ActiveCfg = Release|Any CPU
		{84A909E0-4BFC-4B16-AF86-895EE77F7E94}.Release|Any CPU.Build.0 = Release|Any CPU
		{84A909E0-4BFC-4B16-AF86-895EE77F7E94}.Release|x64.ActiveCfg = Release|Any CPU
		{84A909E0-4BFC-4B16-AF86-895EE77F7E94}.Release|x64.Build.0 = Release|Any CPU
		{84A909E0-4BFC-4B16-AF86-895EE77F7E94}.Release|x86.ActiveCfg = Release|Any CPU
		{84A909E0-4BFC-4B16-AF86-895EE77F7E94}.Release|x86.Build.0 = Release|Any CPU
		{A03FCAC1-A577-4787-999C-E582746F7CCE}.Debug|Any CPU.ActiveCfg = Debug|Any CPU
		{A03FCAC1-A577-4787-999C-E582746F7CCE}.Debug|Any CPU.Build.0 = Debug|Any CPU
		{A03FCAC1-A577-4787-999C-E582746F7CCE}.Debug|x64.ActiveCfg = Debug|Any CPU
		{A03FCAC1-A577-4787-999C-E582746F7CCE}.Debug|x64.Build.0 = Debug|Any CPU
		{A03FCAC1-A577-4787-999C-E582746F7CCE}.Debug|x86.ActiveCfg = Debug|Any CPU
		{A03FCAC1-A577-4787-999C-E582746F7CCE}.Debug|x86.Build.0 = Debug|Any CPU
		{A03FCAC1-A577-4787-999C-E582746F7CCE}.Release|Any CPU.ActiveCfg = Release|Any CPU
		{A03FCAC1-A577-4787-999C-E582746F7CCE}.Release|Any CPU.Build.0 = Release|Any CPU
		{A03FCAC1-A577-4787-999C-E582746F7CCE}.Release|x64.ActiveCfg = Release|Any CPU
		{A03FCAC1-A577-4787-999C-E582746F7CCE}.Release|x64.Build.0 = Release|Any CPU
		{A03FCAC1-A577-4787-999C-E582746F7CCE}.Release|x86.ActiveCfg = Release|Any CPU
		{A03FCAC1-A577-4787-999C-E582746F7CCE}.Release|x86.Build.0 = Release|Any CPU
		{A8D5A85F-D78B-4181-8E6C-ED1B40E85EEC}.Debug|Any CPU.ActiveCfg = Debug|Any CPU
		{A8D5A85F-D78B-4181-8E6C-ED1B40E85EEC}.Debug|Any CPU.Build.0 = Debug|Any CPU
		{A8D5A85F-D78B-4181-8E6C-ED1B40E85EEC}.Debug|x64.ActiveCfg = Debug|Any CPU
		{A8D5A85F-D78B-4181-8E6C-ED1B40E85EEC}.Debug|x64.Build.0 = Debug|Any CPU
		{A8D5A85F-D78B-4181-8E6C-ED1B40E85EEC}.Debug|x86.ActiveCfg = Debug|Any CPU
		{A8D5A85F-D78B-4181-8E6C-ED1B40E85EEC}.Debug|x86.Build.0 = Debug|Any CPU
		{A8D5A85F-D78B-4181-8E6C-ED1B40E85EEC}.Release|Any CPU.ActiveCfg = Release|Any CPU
		{A8D5A85F-D78B-4181-8E6C-ED1B40E85EEC}.Release|Any CPU.Build.0 = Release|Any CPU
		{A8D5A85F-D78B-4181-8E6C-ED1B40E85EEC}.Release|x64.ActiveCfg = Release|Any CPU
		{A8D5A85F-D78B-4181-8E6C-ED1B40E85EEC}.Release|x64.Build.0 = Release|Any CPU
		{A8D5A85F-D78B-4181-8E6C-ED1B40E85EEC}.Release|x86.ActiveCfg = Release|Any CPU
		{A8D5A85F-D78B-4181-8E6C-ED1B40E85EEC}.Release|x86.Build.0 = Release|Any CPU
	EndGlobalSection
	GlobalSection(NestedProjects) = preSolution
		{9DE2E959-8FDB-4FEE-A7F2-40FCA6CB06F7} = {BAF2E523-EB4D-44A1-9087-002931EEAF09}
		{AB87D393-94AC-4062-9E01-A0B78B6A9496} = {BAF2E523-EB4D-44A1-9087-002931EEAF09}
		{DC3F8D4B-76B6-4F69-A80D-7F10104F903F} = {BAF2E523-EB4D-44A1-9087-002931EEAF09}
		{A1B1335C-B495-4E76-9E0F-DFFD27E022BE} = {BAF2E523-EB4D-44A1-9087-002931EEAF09}
		{84A909E0-4BFC-4B16-AF86-895EE77F7E94} = {EA0EA9E9-A334-41D7-A0BF-2A1B431B4ED8}
		{A03FCAC1-A577-4787-999C-E582746F7CCE} = {EA0EA9E9-A334-41D7-A0BF-2A1B431B4ED8}
		{A8D5A85F-D78B-4181-8E6C-ED1B40E85EEC} = {EA0EA9E9-A334-41D7-A0BF-2A1B431B4ED8}
	EndGlobalSection
EndGlobal
